
Microsoft Visual Studio Solution File, Format Version 12.00
# Visual Studio Version 17
VisualStudioVersion = 17.0.32112.339
MinimumVisualStudioVersion = 10.0.40219.1
Project("{8BC9CEB8-8B4A-11D0-8D11-00A0C91BC942}") = "PointerHomeWork", "PointerHomeWork\PointerHomeWork.vcxproj", "{F79B2382-9768-465A-B0E4-FACE8F0B2048}"
EndProject
Project("{8BC9CEB8-8B4A-11D0-8D11-00A0C91BC942}") = "DynamicMemory", "DynamicMemory\DynamicMemory.vcxproj", "{28C3545E-126D-48EA-B843-260167DC75F2}"
EndProject
Project("{8BC9CEB8-8B4A-11D0-8D11-00A0C91BC942}") = "Vector", "Vector\Vector.vcxproj", "{06C2ABCE-A14A-45E1-8281-C1072E2ECE6E}"
EndProject
Global
	GlobalSection(SolutionConfigurationPlatforms) = preSolution
		Debug|x64 = Debug|x64
		Debug|x86 = Debug|x86
		Release|x64 = Release|x64
		Release|x86 = Release|x86
	EndGlobalSection
	GlobalSection(ProjectConfigurationPlatforms) = postSolution
		{F79B2382-9768-465A-B0E4-FACE8F0B2048}.Debug|x64.ActiveCfg = Debug|x64
		{F79B2382-9768-465A-B0E4-FACE8F0B2048}.Debug|x64.Build.0 = Debug|x64
		{F79B2382-9768-465A-B0E4-FACE8F0B2048}.Debug|x86.ActiveCfg = Debug|Win32
		{F79B2382-9768-465A-B0E4-FACE8F0B2048}.Debug|x86.Build.0 = Debug|Win32
		{F79B2382-9768-465A-B0E4-FACE8F0B2048}.Release|x64.ActiveCfg = Release|x64
		{F79B2382-9768-465A-B0E4-FACE8F0B2048}.Release|x64.Build.0 = Release|x64
		{F79B2382-9768-465A-B0E4-FACE8F0B2048}.Release|x86.ActiveCfg = Release|Win32
		{F79B2382-9768-465A-B0E4-FACE8F0B2048}.Release|x86.Build.0 = Release|Win32
		{28C3545E-126D-48EA-B843-260167DC75F2}.Debug|x64.ActiveCfg = Debug|x64
		{28C3545E-126D-48EA-B843-260167DC75F2}.Debug|x64.Build.0 = Debug|x64
		{28C3545E-126D-48EA-B843-260167DC75F2}.Debug|x86.ActiveCfg = Debug|Win32
		{28C3545E-126D-48EA-B843-260167DC75F2}.Debug|x86.Build.0 = Debug|Win32
		{28C3545E-126D-48EA-B843-260167DC75F2}.Release|x64.ActiveCfg = Release|x64
		{28C3545E-126D-48EA-B843-260167DC75F2}.Release|x64.Build.0 = Release|x64
		{28C3545E-126D-48EA-B843-260167DC75F2}.Release|x86.ActiveCfg = Release|Win32
		{28C3545E-126D-48EA-B843-260167DC75F2}.Release|x86.Build.0 = Release|Win32
		{06C2ABCE-A14A-45E1-8281-C1072E2ECE6E}.Debug|x64.ActiveCfg = Debug|x64
		{06C2ABCE-A14A-45E1-8281-C1072E2ECE6E}.Debug|x64.Build.0 = Debug|x64
		{06C2ABCE-A14A-45E1-8281-C1072E2ECE6E}.Debug|x86.ActiveCfg = Debug|Win32
		{06C2ABCE-A14A-45E1-8281-C1072E2ECE6E}.Debug|x86.Build.0 = Debug|Win32
		{06C2ABCE-A14A-45E1-8281-C1072E2ECE6E}.Release|x64.ActiveCfg = Release|x64
		{06C2ABCE-A14A-45E1-8281-C1072E2ECE6E}.Release|x64.Build.0 = Release|x64
		{06C2ABCE-A14A-45E1-8281-C1072E2ECE6E}.Release|x86.ActiveCfg = Release|Win32
		{06C2ABCE-A14A-45E1-8281-C1072E2ECE6E}.Release|x86.Build.0 = Release|Win32
	EndGlobalSection
	GlobalSection(SolutionProperties) = preSolution
		HideSolutionNode = FALSE
	EndGlobalSection
	GlobalSection(ExtensibilityGlobals) = postSolution
		SolutionGuid = {DA659570-9561-4963-8C3F-98E71F94BA77}
	EndGlobalSection
EndGlobal
